// !$*UTF8*$!
{
	archiveVersion = 1;
	classes = {
	};
	objectVersion = 46;
	objects = {

/* Begin PBXBuildFile section */
		006D720419952D00008149E2 /* AVFoundation.framework in Frameworks */ = {isa = PBXBuildFile; fileRef = 006D720219952D00008149E2 /* AVFoundation.framework */; };
		006D720519952D00008149E2 /* CoreMedia.framework in Frameworks */ = {isa = PBXBuildFile; fileRef = 006D720319952D00008149E2 /* CoreMedia.framework */; };
		0091D8F90E81B9330029341E /* OpenGL.framework in Frameworks */ = {isa = PBXBuildFile; fileRef = 0091D8F80E81B9330029341E /* OpenGL.framework */; };
		00B784B30FF439BC000DE1D7 /* Accelerate.framework in Frameworks */ = {isa = PBXBuildFile; fileRef = 00B784AF0FF439BC000DE1D7 /* Accelerate.framework */; };
		00B784B40FF439BC000DE1D7 /* AudioToolbox.framework in Frameworks */ = {isa = PBXBuildFile; fileRef = 00B784B00FF439BC000DE1D7 /* AudioToolbox.framework */; };
		00B784B50FF439BC000DE1D7 /* AudioUnit.framework in Frameworks */ = {isa = PBXBuildFile; fileRef = 00B784B10FF439BC000DE1D7 /* AudioUnit.framework */; };
		00B784B60FF439BC000DE1D7 /* CoreAudio.framework in Frameworks */ = {isa = PBXBuildFile; fileRef = 00B784B20FF439BC000DE1D7 /* CoreAudio.framework */; };
		00B9955A1B128DF400A5C623 /* IOKit.framework in Frameworks */ = {isa = PBXBuildFile; fileRef = 00B995581B128DF400A5C623 /* IOKit.framework */; };
		00B9955B1B128DF400A5C623 /* IOSurface.framework in Frameworks */ = {isa = PBXBuildFile; fileRef = 00B995591B128DF400A5C623 /* IOSurface.framework */; };
		5323E6B20EAFCA74003A9687 /* CoreVideo.framework in Frameworks */ = {isa = PBXBuildFile; fileRef = 5323E6B10EAFCA74003A9687 /* CoreVideo.framework */; };
		8D11072F0486CEB800E47090 /* Cocoa.framework in Frameworks */ = {isa = PBXBuildFile; fileRef = 1058C7A1FEA54F0111CA2CBB /* Cocoa.framework */; };
		DBF14410A3484B73814DFDE0 /* EDSDK.framework in CopyFiles */ = {isa = PBXBuildFile; fileRef = 105AF87776094AC5BB40961F /* EDSDK.framework */; };
		EAE016C08FD3420A9C534481 /* EDSDK.framework in Frameworks */ = {isa = PBXBuildFile; fileRef = 105AF87776094AC5BB40961F /* EDSDK.framework */; };
		496097D6782944838FF8D5D3 /* EDSDKTypes.h in Headers */ = {isa = PBXBuildFile; fileRef = 2B80B46949BD4BE88B843E86 /* EDSDKTypes.h */; };
		160467CE4AFC4ACFB5208FCB /* EDSDKErrors.h in Headers */ = {isa = PBXBuildFile; fileRef = 4D9494C8BDE64136818C0802 /* EDSDKErrors.h */; };
		F2BCCC1DD0C24E7B9BC7B365 /* EDSDK.h in Headers */ = {isa = PBXBuildFile; fileRef = E24738486C534AE7A22385A2 /* EDSDK.h */; };
		75EE2CC6628A48039097627E /* CinderCanon.cpp in Sources */ = {isa = PBXBuildFile; fileRef = 87F54465532D400E95F2C395 /* CinderCanon.cpp */; };
		FC5520DCF2A942DEA38EE2C5 /* CanonCamera.cpp in Sources */ = {isa = PBXBuildFile; fileRef = CDA7D86E39244C96981CFDAF /* CanonCamera.cpp */; };
		20F24C96FDB444F798EBA1E2 /* CinderCanon.h in Headers */ = {isa = PBXBuildFile; fileRef = B7798D0CF38D4A3B9CA147AB /* CinderCanon.h */; };
		92993DE9F2F54478B25F6397 /* CanonDebug.h in Headers */ = {isa = PBXBuildFile; fileRef = DE65EDAF9D3D48F39C41EAF5 /* CanonDebug.h */; };
		50E3060051594FB69F4697AE /* CanonCamera.h in Headers */ = {isa = PBXBuildFile; fileRef = 5869A4529FC443B78C45F316 /* CanonCamera.h */; };
		75A97AC79CDB48719933E7D0 /* SimpleCanonApp.cpp in Sources */ = {isa = PBXBuildFile; fileRef = F2C08AF1960A48BB8EAAC4CD /* SimpleCanonApp.cpp */; };
		E415D0FEC7CB489184B2AD1C /* SimpleCanon_Prefix.pch in Headers */ = {isa = PBXBuildFile; fileRef = 3307983C196148D38B07CD68 /* SimpleCanon_Prefix.pch */; };
		5A7AF2CF3050448C8F687B9D /* CinderApp.icns in Resources */ = {isa = PBXBuildFile; fileRef = 01E8D3697A3449929B0EEC5C /* CinderApp.icns */; };
		65DD54A0946C47DD8F0FF656 /* Resources.h in Headers */ = {isa = PBXBuildFile; fileRef = 22682064D3624D1C93B57F10 /* Resources.h */; };
/* End PBXBuildFile section */

/* Begin PBXFileReference section */
		006D720219952D00008149E2 /* AVFoundation.framework */ = {isa = PBXFileReference; lastKnownFileType = wrapper.framework; name = AVFoundation.framework; path = System/Library/Frameworks/AVFoundation.framework; sourceTree = SDKROOT; };
		006D720319952D00008149E2 /* CoreMedia.framework */ = {isa = PBXFileReference; lastKnownFileType = wrapper.framework; name = CoreMedia.framework; path = System/Library/Frameworks/CoreMedia.framework; sourceTree = SDKROOT; };
		0091D8F80E81B9330029341E /* OpenGL.framework */ = {isa = PBXFileReference; lastKnownFileType = wrapper.framework; name = OpenGL.framework; path = /System/Library/Frameworks/OpenGL.framework; sourceTree = "<absolute>"; };
		00B784AF0FF439BC000DE1D7 /* Accelerate.framework */ = {isa = PBXFileReference; lastKnownFileType = wrapper.framework; name = Accelerate.framework; path = System/Library/Frameworks/Accelerate.framework; sourceTree = SDKROOT; };
		00B784B00FF439BC000DE1D7 /* AudioToolbox.framework */ = {isa = PBXFileReference; lastKnownFileType = wrapper.framework; name = AudioToolbox.framework; path = System/Library/Frameworks/AudioToolbox.framework; sourceTree = SDKROOT; };
		00B784B10FF439BC000DE1D7 /* AudioUnit.framework */ = {isa = PBXFileReference; lastKnownFileType = wrapper.framework; name = AudioUnit.framework; path = System/Library/Frameworks/AudioUnit.framework; sourceTree = SDKROOT; };
		00B784B20FF439BC000DE1D7 /* CoreAudio.framework */ = {isa = PBXFileReference; lastKnownFileType = wrapper.framework; name = CoreAudio.framework; path = System/Library/Frameworks/CoreAudio.framework; sourceTree = SDKROOT; };
		00B995581B128DF400A5C623 /* IOKit.framework */ = {isa = PBXFileReference; lastKnownFileType = wrapper.framework; name = IOKit.framework; path = System/Library/Frameworks/IOKit.framework; sourceTree = SDKROOT; };
		00B995591B128DF400A5C623 /* IOSurface.framework */ = {isa = PBXFileReference; lastKnownFileType = wrapper.framework; name = IOSurface.framework; path = System/Library/Frameworks/IOSurface.framework; sourceTree = SDKROOT; };
		1058C7A1FEA54F0111CA2CBB /* Cocoa.framework */ = {isa = PBXFileReference; lastKnownFileType = wrapper.framework; name = Cocoa.framework; path = /System/Library/Frameworks/Cocoa.framework; sourceTree = "<absolute>"; };
		29B97324FDCFA39411CA2CEA /* AppKit.framework */ = {isa = PBXFileReference; lastKnownFileType = wrapper.framework; name = AppKit.framework; path = /System/Library/Frameworks/AppKit.framework; sourceTree = "<absolute>"; };
		29B97325FDCFA39411CA2CEA /* Foundation.framework */ = {isa = PBXFileReference; lastKnownFileType = wrapper.framework; name = Foundation.framework; path = /System/Library/Frameworks/Foundation.framework; sourceTree = "<absolute>"; };
		5323E6B10EAFCA74003A9687 /* CoreVideo.framework */ = {isa = PBXFileReference; lastKnownFileType = wrapper.framework; name = CoreVideo.framework; path = /System/Library/Frameworks/CoreVideo.framework; sourceTree = "<absolute>"; };
		8D1107320486CEB800E47090 /* SimpleCanon.app */ = {isa = PBXFileReference; explicitFileType = wrapper.application; includeInIndex = 0; path = SimpleCanon.app; sourceTree = BUILT_PRODUCTS_DIR; };
		22682064D3624D1C93B57F10 /* Resources.h */ = {isa = PBXFileReference; lastKnownFileType = sourcecode.c.h; path = ../include/Resources.h; sourceTree = "<group>"; name = Resources.h; };
		01E8D3697A3449929B0EEC5C /* CinderApp.icns */ = {isa = PBXFileReference; lastKnownFileType = image.icns; path = ../resources/CinderApp.icns; sourceTree = "<group>"; name = CinderApp.icns; };
		E8D9F7AC36564A9EAA54FAFC /* Info.plist */ = {isa = PBXFileReference; lastKnownFileType = text.plist.xml; path = Info.plist; sourceTree = "<group>"; name = Info.plist; };
		3307983C196148D38B07CD68 /* SimpleCanon_Prefix.pch */ = {isa = PBXFileReference; lastKnownFileType = "\"\""; path = SimpleCanon_Prefix.pch; sourceTree = "<group>"; name = SimpleCanon_Prefix.pch; };
		F2C08AF1960A48BB8EAAC4CD /* SimpleCanonApp.cpp */ = {isa = PBXFileReference; lastKnownFileType = sourcecode.c.cpp; path = ../src/SimpleCanonApp.cpp; sourceTree = "<group>"; name = SimpleCanonApp.cpp; };
		5869A4529FC443B78C45F316 /* CanonCamera.h */ = {isa = PBXFileReference; lastKnownFileType = sourcecode.c.h; path = ../../../include/CanonCamera.h; sourceTree = "<group>"; name = CanonCamera.h; };
		DE65EDAF9D3D48F39C41EAF5 /* CanonDebug.h */ = {isa = PBXFileReference; lastKnownFileType = sourcecode.c.h; path = ../../../include/CanonDebug.h; sourceTree = "<group>"; name = CanonDebug.h; };
		B7798D0CF38D4A3B9CA147AB /* CinderCanon.h */ = {isa = PBXFileReference; lastKnownFileType = sourcecode.c.h; path = ../../../include/CinderCanon.h; sourceTree = "<group>"; name = CinderCanon.h; };
		CDA7D86E39244C96981CFDAF /* CanonCamera.cpp */ = {isa = PBXFileReference; lastKnownFileType = sourcecode.c.cpp; path = ../../../src/CanonCamera.cpp; sourceTree = "<group>"; name = CanonCamera.cpp; };
		87F54465532D400E95F2C395 /* CinderCanon.cpp */ = {isa = PBXFileReference; lastKnownFileType = sourcecode.c.cpp; path = ../../../src/CinderCanon.cpp; sourceTree = "<group>"; name = CinderCanon.cpp; };
		E24738486C534AE7A22385A2 /* EDSDK.h */ = {isa = PBXFileReference; lastKnownFileType = sourcecode.c.h; path = ../../../lib/EDSDK/Header/EDSDK.h; sourceTree = "<group>"; name = EDSDK.h; };
		4D9494C8BDE64136818C0802 /* EDSDKErrors.h */ = {isa = PBXFileReference; lastKnownFileType = sourcecode.c.h; path = ../../../lib/EDSDK/Header/EDSDKErrors.h; sourceTree = "<group>"; name = EDSDKErrors.h; };
		2B80B46949BD4BE88B843E86 /* EDSDKTypes.h */ = {isa = PBXFileReference; lastKnownFileType = sourcecode.c.h; path = ../../../lib/EDSDK/Header/EDSDKTypes.h; sourceTree = "<group>"; name = EDSDKTypes.h; };
		105AF87776094AC5BB40961F /* EDSDK.framework */ = {isa = PBXFileReference; lastKnownFileType = wrapper.framework; path = ../../../lib/EDSDK/Framework/EDSDK.framework; sourceTree = "<group>"; name = EDSDK.framework; };
/* End PBXFileReference section */

/* Begin PBXFrameworksBuildPhase section */
		8D11072E0486CEB800E47090 /* Frameworks */ = {
			isa = PBXFrameworksBuildPhase;
			buildActionMask = 2147483647;
			files = (
				006D720419952D00008149E2 /* AVFoundation.framework in Frameworks */,
				006D720519952D00008149E2 /* CoreMedia.framework in Frameworks */,
				8D11072F0486CEB800E47090 /* Cocoa.framework in Frameworks */,
				0091D8F90E81B9330029341E /* OpenGL.framework in Frameworks */,
				5323E6B20EAFCA74003A9687 /* CoreVideo.framework in Frameworks */,
				00B784B30FF439BC000DE1D7 /* Accelerate.framework in Frameworks */,
				00B784B40FF439BC000DE1D7 /* AudioToolbox.framework in Frameworks */,
				00B784B50FF439BC000DE1D7 /* AudioUnit.framework in Frameworks */,
				00B784B60FF439BC000DE1D7 /* CoreAudio.framework in Frameworks */,
				00B9955A1B128DF400A5C623 /* IOKit.framework in Frameworks */,
				00B9955B1B128DF400A5C623 /* IOSurface.framework in Frameworks */,
				EAE016C08FD3420A9C534481 /* EDSDK.framework in Frameworks */,
			);
			runOnlyForDeploymentPostprocessing = 0;
		};
/* End PBXFrameworksBuildPhase section */

/* Begin PBXGroup section */
		080E96DDFE201D6D7F000001 /* Source */ = {
			isa = PBXGroup;
			children = (
				F2C08AF1960A48BB8EAAC4CD /* SimpleCanonApp.cpp */,
			);
			name = Source;
			sourceTree = "<group>";
		};
		1058C7A0FEA54F0111CA2CBB /* Linked Frameworks */ = {
			isa = PBXGroup;
			children = (
				006D720219952D00008149E2 /* AVFoundation.framework */,
				006D720319952D00008149E2 /* CoreMedia.framework */,
				00B784AF0FF439BC000DE1D7 /* Accelerate.framework */,
				00B784B00FF439BC000DE1D7 /* AudioToolbox.framework */,
				00B784B10FF439BC000DE1D7 /* AudioUnit.framework */,
				00B784B20FF439BC000DE1D7 /* CoreAudio.framework */,
				5323E6B10EAFCA74003A9687 /* CoreVideo.framework */,
				0091D8F80E81B9330029341E /* OpenGL.framework */,
				1058C7A1FEA54F0111CA2CBB /* Cocoa.framework */,
				00B995581B128DF400A5C623 /* IOKit.framework */,
				00B995591B128DF400A5C623 /* IOSurface.framework */,
			);
			name = "Linked Frameworks";
			sourceTree = "<group>";
		};
		1058C7A2FEA54F0111CA2CBB /* Other Frameworks */ = {
			isa = PBXGroup;
			children = (
				29B97324FDCFA39411CA2CEA /* AppKit.framework */,
				29B97325FDCFA39411CA2CEA /* Foundation.framework */,
			);
			name = "Other Frameworks";
			sourceTree = "<group>";
		};
		19C28FACFE9D520D11CA2CBB /* Products */ = {
			isa = PBXGroup;
			children = (
				8D1107320486CEB800E47090 /* SimpleCanon.app */,
			);
			name = Products;
			sourceTree = "<group>";
		};
		29B97314FDCFA39411CA2CEA /* SimpleCanon */ = {
			isa = PBXGroup;
			children = (
				01B97315FEAEA392516A2CEA /* Blocks */,
				29B97315FDCFA39411CA2CEA /* Headers */,
				080E96DDFE201D6D7F000001 /* Source */,
				29B97317FDCFA39411CA2CEA /* Resources */,
				29B97323FDCFA39411CA2CEA /* Frameworks */,
				19C28FACFE9D520D11CA2CBB /* Products */,
			);
			name = SimpleCanon;
			sourceTree = "<group>";
		};
		F2BCB5BC0263491092BC18ED /* include */ = {
			isa = PBXGroup;
			children = (
				5869A4529FC443B78C45F316 /* CanonCamera.h */,
				DE65EDAF9D3D48F39C41EAF5 /* CanonDebug.h */,
				B7798D0CF38D4A3B9CA147AB /* CinderCanon.h */,
			);
			name = include;
			sourceTree = "<group>";
		};
		804FA9D99E0A4AC0A2C55019 /* src */ = {
			isa = PBXGroup;
			children = (
				CDA7D86E39244C96981CFDAF /* CanonCamera.cpp */,
				87F54465532D400E95F2C395 /* CinderCanon.cpp */,
			);
			name = src;
			sourceTree = "<group>";
		};
		2847A11D0AA54D7BA148D6EB /* Header */ = {
			isa = PBXGroup;
			children = (
				E24738486C534AE7A22385A2 /* EDSDK.h */,
				4D9494C8BDE64136818C0802 /* EDSDKErrors.h */,
				2B80B46949BD4BE88B843E86 /* EDSDKTypes.h */,
			);
			name = Header;
			sourceTree = "<group>";
		};
		CE9717DDCE914749905BAC96 /* Framework */ = {
			isa = PBXGroup;
			children = (
				105AF87776094AC5BB40961F /* EDSDK.framework */,
			);
			name = Framework;
			sourceTree = "<group>";
		};
		D8E0608018984A97B951F450 /* EDSDK */ = {
			isa = PBXGroup;
			children = (
				2847A11D0AA54D7BA148D6EB /* Header */,
				CE9717DDCE914749905BAC96 /* Framework */,
			);
			name = EDSDK;
			sourceTree = "<group>";
		};
		71D5E7DE0CC74546A7524F4F /* lib */ = {
			isa = PBXGroup;
			children = (
				D8E0608018984A97B951F450 /* EDSDK */,
			);
			name = lib;
			sourceTree = "<group>";
		};
		B8696C5B9AAB4B49A62C7E50 /* Cinder-CanonSdk */ = {
			isa = PBXGroup;
			children = (
				F2BCB5BC0263491092BC18ED /* include */,
				804FA9D99E0A4AC0A2C55019 /* src */,
				71D5E7DE0CC74546A7524F4F /* lib */,
			);
			name = "Cinder-CanonSdk";
			sourceTree = "<group>";
		};
		01B97315FEAEA392516A2CEA /* Blocks */ = {
			isa = PBXGroup;
			children = (
				B8696C5B9AAB4B49A62C7E50 /* Cinder-CanonSdk */,
			);
			name = Blocks;
			sourceTree = "<group>";
		};
		29B97315FDCFA39411CA2CEA /* Headers */ = {
			isa = PBXGroup;
			children = (
				22682064D3624D1C93B57F10 /* Resources.h */,
				3307983C196148D38B07CD68 /* SimpleCanon_Prefix.pch */,
			);
			name = Headers;
			sourceTree = "<group>";
		};
		29B97317FDCFA39411CA2CEA /* Resources */ = {
			isa = PBXGroup;
			children = (
				01E8D3697A3449929B0EEC5C /* CinderApp.icns */,
				E8D9F7AC36564A9EAA54FAFC /* Info.plist */,
			);
			name = Resources;
			sourceTree = "<group>";
		};
		29B97323FDCFA39411CA2CEA /* Frameworks */ = {
			isa = PBXGroup;
			children = (
				1058C7A0FEA54F0111CA2CBB /* Linked Frameworks */,
				1058C7A2FEA54F0111CA2CBB /* Other Frameworks */,
			);
			name = Frameworks;
			sourceTree = "<group>";
		};
/* End PBXGroup section */

/* Begin PBXNativeTarget section */
		8D1107260486CEB800E47090 /* SimpleCanon */ = {
			isa = PBXNativeTarget;
			buildConfigurationList = C01FCF4A08A954540054247B /* Build configuration list for PBXNativeTarget "SimpleCanon" */;
			buildPhases = (
				8D1107290486CEB800E47090 /* Resources */,
				8D11072C0486CEB800E47090 /* Sources */,
				8D11072E0486CEB800E47090 /* Frameworks */,
				9B7DBD7A1D4043AEA6C2613A /* CopyFiles */,
			);
			buildRules = (
			);
			dependencies = (
			);
			name = SimpleCanon;
			productInstallPath = "$(HOME)/Applications";
			productName = SimpleCanon;
			productReference = 8D1107320486CEB800E47090 /* SimpleCanon.app */;
			productType = "com.apple.product-type.application";
		};
/* End PBXNativeTarget section */

/* Begin PBXProject section */
		29B97313FDCFA39411CA2CEA /* Project object */ = {
			isa = PBXProject;
			buildConfigurationList = C01FCF4E08A954540054247B /* Build configuration list for PBXProject "SimpleCanon" */;
			compatibilityVersion = "Xcode 3.2";
			developmentRegion = English;
			hasScannedForEncodings = 1;
			knownRegions = (
				English,
				Japanese,
				French,
				German,
			);
			mainGroup = 29B97314FDCFA39411CA2CEA /* SimpleCanon */;
			projectDirPath = "";
			projectRoot = "";
			targets = (
				8D1107260486CEB800E47090 /* SimpleCanon */,
			);
		};
/* End PBXProject section */

/* Begin PBXResourcesBuildPhase section */
		8D1107290486CEB800E47090 /* Resources */ = {
			isa = PBXResourcesBuildPhase;
			buildActionMask = 2147483647;
			files = (
				5A7AF2CF3050448C8F687B9D /* CinderApp.icns in Resources */,
			);
			runOnlyForDeploymentPostprocessing = 0;
		};
/* End PBXResourcesBuildPhase section */

/* Begin PBXSourcesBuildPhase section */
		8D11072C0486CEB800E47090 /* Sources */ = {
			isa = PBXSourcesBuildPhase;
			buildActionMask = 2147483647;
			files = (
				75A97AC79CDB48719933E7D0 /* SimpleCanonApp.cpp in Sources */,
				FC5520DCF2A942DEA38EE2C5 /* CanonCamera.cpp in Sources */,
				75EE2CC6628A48039097627E /* CinderCanon.cpp in Sources */,
			);
			runOnlyForDeploymentPostprocessing = 0;
		};
/* End PBXSourcesBuildPhase section */

/* Begin XCBuildConfiguration section */
		C01FCF4B08A954540054247B /* Debug */ = {
			isa = XCBuildConfiguration;
			buildSettings = {
				COMBINE_HIDPI_IMAGES = YES;
				DEAD_CODE_STRIPPING = YES;
				COPY_PHASE_STRIP = NO;
				GCC_DYNAMIC_NO_PIC = NO;
				GCC_INLINES_ARE_PRIVATE_EXTERN = YES;
				GCC_OPTIMIZATION_LEVEL = 0;
				GCC_PREPROCESSOR_DEFINITIONS = (
					"DEBUG=1",
					"$(inherited)",
				);
				GCC_PRECOMPILE_PREFIX_HEADER = YES;
				GCC_PREFIX_HEADER = SimpleCanon_Prefix.pch;
				GCC_SYMBOLS_PRIVATE_EXTERN = NO;
				INFOPLIST_FILE = Info.plist;
				INSTALL_PATH = "$(HOME)/Applications";
				OTHER_LDFLAGS = "\"$(CINDER_PATH)/lib/macosx/$(CONFIGURATION)/libcinder.a\"";
				PRODUCT_BUNDLE_IDENTIFIER = "org.libcinder.${PRODUCT_NAME:rfc1034identifier}";
				PRODUCT_NAME = SimpleCanon;
				SYMROOT = ./build;
				WRAPPER_EXTENSION = app;
				FRAMEWORK_SEARCH_PATHS = (
					../../../lib/EDSDK/Framework,
				);
			};
			name = Debug;
		};
		C01FCF4C08A954540054247B /* Release */ = {
			isa = XCBuildConfiguration;
			buildSettings = {
				COMBINE_HIDPI_IMAGES = YES;
				DEAD_CODE_STRIPPING = YES;
				DEBUG_INFORMATION_FORMAT = "dwarf-with-dsym";
				GCC_FAST_MATH = YES;
				GCC_GENERATE_DEBUGGING_SYMBOLS = NO;
				GCC_INLINES_ARE_PRIVATE_EXTERN = YES;
				GCC_OPTIMIZATION_LEVEL = 3;
				GCC_PREPROCESSOR_DEFINITIONS = (
					"NDEBUG=1",
					"$(inherited)",
				);
				GCC_PRECOMPILE_PREFIX_HEADER = YES;
				GCC_PREFIX_HEADER = SimpleCanon_Prefix.pch;
				GCC_SYMBOLS_PRIVATE_EXTERN = NO;
				INFOPLIST_FILE = Info.plist;
				INSTALL_PATH = "$(HOME)/Applications";
				OTHER_LDFLAGS = "\"$(CINDER_PATH)/lib/macosx/$(CONFIGURATION)/libcinder.a\"";
				PRODUCT_BUNDLE_IDENTIFIER = "org.libcinder.${PRODUCT_NAME:rfc1034identifier}";
				PRODUCT_NAME = SimpleCanon;
				STRIP_INSTALLED_PRODUCT = YES;
				SYMROOT = ./build;
				WRAPPER_EXTENSION = app;
				FRAMEWORK_SEARCH_PATHS = (
					../../../lib/EDSDK/Framework,
				);
			};
			name = Release;
		};
		C01FCF4F08A954540054247B /* Debug */ = {
			isa = XCBuildConfiguration;
			buildSettings = {
				ALWAYS_SEARCH_USER_PATHS = NO;
				CINDER_PATH = "../../../../..";
				CLANG_CXX_LANGUAGE_STANDARD = "c++11";
				CLANG_CXX_LIBRARY = "libc++";
				ENABLE_TESTABILITY = YES;
				GCC_WARN_ABOUT_RETURN_TYPE = YES;
				GCC_WARN_UNUSED_VARIABLE = YES;
				HEADER_SEARCH_PATHS = "\"$(CINDER_PATH)/include\"";
				MACOSX_DEPLOYMENT_TARGET = 10.8;
				ONLY_ACTIVE_ARCH = YES;
				SDKROOT = macosx;
				USER_HEADER_SEARCH_PATHS = (
					"\"$(CINDER_PATH)/include\" ../include",
					../../../include,
					../../../src,
					../../../lib/EDSDK/Header,
				);
			};
			name = Debug;
		};
		C01FCF5008A954540054247B /* Release */ = {
			isa = XCBuildConfiguration;
			buildSettings = {
				ALWAYS_SEARCH_USER_PATHS = NO;
				CINDER_PATH = "../../../../..";
				CLANG_CXX_LANGUAGE_STANDARD = "c++11";
				CLANG_CXX_LIBRARY = "libc++";
				GCC_WARN_ABOUT_RETURN_TYPE = YES;
				GCC_WARN_UNUSED_VARIABLE = YES;
				HEADER_SEARCH_PATHS = "\"$(CINDER_PATH)/include\"";
				MACOSX_DEPLOYMENT_TARGET = 10.8;
				SDKROOT = macosx;
				USER_HEADER_SEARCH_PATHS = (
					"\"$(CINDER_PATH)/include\" ../include",
					../../../include,
					../../../src,
					../../../lib/EDSDK/Header,
				);
			};
			name = Release;
		};
/* End XCBuildConfiguration section */

/* Begin XCConfigurationList section */
		C01FCF4A08A954540054247B /* Build configuration list for PBXNativeTarget "SimpleCanon" */ = {
			isa = XCConfigurationList;
			buildConfigurations = (
				C01FCF4B08A954540054247B /* Debug */,
				C01FCF4C08A954540054247B /* Release */,
			);
			defaultConfigurationIsVisible = 0;
			defaultConfigurationName = Release;
		};
		C01FCF4E08A954540054247B /* Build configuration list for PBXProject "SimpleCanon" */ = {
			isa = XCConfigurationList;
			buildConfigurations = (
				C01FCF4F08A954540054247B /* Debug */,
				C01FCF5008A954540054247B /* Release */,
			);
			defaultConfigurationIsVisible = 0;
			defaultConfigurationName = Release;
		};
/* End XCConfigurationList section */
		9B7DBD7A1D4043AEA6C2613A /* Copy Files */ = {
			isa = PBXCopyFilesBuildPhase;
			buildActionMask = 2147483647;
			dstPath = "";
			dstSubfolderSpec = 10;
			files = (
				DBF14410A3484B73814DFDE0 /* EDSDK.framework in CopyFiles */,
			);
			runOnlyForDeploymentPostprocessing = 0;
		};
	};
	rootObject = 29B97313FDCFA39411CA2CEA /* Project object */;
}
